// !$*UTF8*$!
{
	archiveVersion = 1;
	classes = {
	};
	objectVersion = 50;
	objects = {

/* Begin PBXBuildFile section */
		11446382250FA90500D37FB1 /* AppDelegate.swift in Sources */ = {isa = PBXBuildFile; fileRef = 11446381250FA90500D37FB1 /* AppDelegate.swift */; };
		11446384250FA90500D37FB1 /* SceneDelegate.swift in Sources */ = {isa = PBXBuildFile; fileRef = 11446383250FA90500D37FB1 /* SceneDelegate.swift */; };
		11446386250FA90500D37FB1 /* ViewController.swift in Sources */ = {isa = PBXBuildFile; fileRef = 11446385250FA90500D37FB1 /* ViewController.swift */; };
		11446389250FA90500D37FB1 /* Main.storyboard in Resources */ = {isa = PBXBuildFile; fileRef = 11446387250FA90500D37FB1 /* Main.storyboard */; };
		1144638B250FA90900D37FB1 /* Assets.xcassets in Resources */ = {isa = PBXBuildFile; fileRef = 1144638A250FA90900D37FB1 /* Assets.xcassets */; };
		1144638E250FA90900D37FB1 /* LaunchScreen.storyboard in Resources */ = {isa = PBXBuildFile; fileRef = 1144638C250FA90900D37FB1 /* LaunchScreen.storyboard */; };
		11446399250FA90900D37FB1 /* ItsuDareGameTests.swift in Sources */ = {isa = PBXBuildFile; fileRef = 11446398250FA90900D37FB1 /* ItsuDareGameTests.swift */; };
		114463A4250FA90900D37FB1 /* ItsuDareGameUITests.swift in Sources */ = {isa = PBXBuildFile; fileRef = 114463A3250FA90900D37FB1 /* ItsuDareGameUITests.swift */; };
/* End PBXBuildFile section */

/* Begin PBXContainerItemProxy section */
		11446395250FA90900D37FB1 /* PBXContainerItemProxy */ = {
			isa = PBXContainerItemProxy;
			containerPortal = 11446376250FA90500D37FB1 /* Project object */;
			proxyType = 1;
			remoteGlobalIDString = 1144637D250FA90500D37FB1;
			remoteInfo = ItsuDareGame;
		};
		114463A0250FA90900D37FB1 /* PBXContainerItemProxy */ = {
			isa = PBXContainerItemProxy;
			containerPortal = 11446376250FA90500D37FB1 /* Project object */;
			proxyType = 1;
			remoteGlobalIDString = 1144637D250FA90500D37FB1;
			remoteInfo = ItsuDareGame;
		};
/* End PBXContainerItemProxy section */

/* Begin PBXFileReference section */
		1144637E250FA90500D37FB1 /* ItsuDareGame.app */ = {isa = PBXFileReference; explicitFileType = wrapper.application; includeInIndex = 0; path = ItsuDareGame.app; sourceTree = BUILT_PRODUCTS_DIR; };
		11446381250FA90500D37FB1 /* AppDelegate.swift */ = {isa = PBXFileReference; lastKnownFileType = sourcecode.swift; path = AppDelegate.swift; sourceTree = "<group>"; };
		11446383250FA90500D37FB1 /* SceneDelegate.swift */ = {isa = PBXFileReference; lastKnownFileType = sourcecode.swift; path = SceneDelegate.swift; sourceTree = "<group>"; };
		11446385250FA90500D37FB1 /* ViewController.swift */ = {isa = PBXFileReference; lastKnownFileType = sourcecode.swift; path = ViewController.swift; sourceTree = "<group>"; };
		11446388250FA90500D37FB1 /* Base */ = {isa = PBXFileReference; lastKnownFileType = file.storyboard; name = Base; path = Base.lproj/Main.storyboard; sourceTree = "<group>"; };
		1144638A250FA90900D37FB1 /* Assets.xcassets */ = {isa = PBXFileReference; lastKnownFileType = folder.assetcatalog; path = Assets.xcassets; sourceTree = "<group>"; };
		1144638D250FA90900D37FB1 /* Base */ = {isa = PBXFileReference; lastKnownFileType = file.storyboard; name = Base; path = Base.lproj/LaunchScreen.storyboard; sourceTree = "<group>"; };
		1144638F250FA90900D37FB1 /* Info.plist */ = {isa = PBXFileReference; lastKnownFileType = text.plist.xml; path = Info.plist; sourceTree = "<group>"; };
		11446394250FA90900D37FB1 /* ItsuDareGameTests.xctest */ = {isa = PBXFileReference; explicitFileType = wrapper.cfbundle; includeInIndex = 0; path = ItsuDareGameTests.xctest; sourceTree = BUILT_PRODUCTS_DIR; };
		11446398250FA90900D37FB1 /* ItsuDareGameTests.swift */ = {isa = PBXFileReference; lastKnownFileType = sourcecode.swift; path = ItsuDareGameTests.swift; sourceTree = "<group>"; };
		1144639A250FA90900D37FB1 /* Info.plist */ = {isa = PBXFileReference; lastKnownFileType = text.plist.xml; path = Info.plist; sourceTree = "<group>"; };
		1144639F250FA90900D37FB1 /* ItsuDareGameUITests.xctest */ = {isa = PBXFileReference; explicitFileType = wrapper.cfbundle; includeInIndex = 0; path = ItsuDareGameUITests.xctest; sourceTree = BUILT_PRODUCTS_DIR; };
		114463A3250FA90900D37FB1 /* ItsuDareGameUITests.swift */ = {isa = PBXFileReference; lastKnownFileType = sourcecode.swift; path = ItsuDareGameUITests.swift; sourceTree = "<group>"; };
		114463A5250FA90900D37FB1 /* Info.plist */ = {isa = PBXFileReference; lastKnownFileType = text.plist.xml; path = Info.plist; sourceTree = "<group>"; };
/* End PBXFileReference section */

/* Begin PBXFrameworksBuildPhase section */
		1144637B250FA90500D37FB1 /* Frameworks */ = {
			isa = PBXFrameworksBuildPhase;
			buildActionMask = 2147483647;
			files = (
			);
			runOnlyForDeploymentPostprocessing = 0;
		};
		11446391250FA90900D37FB1 /* Frameworks */ = {
			isa = PBXFrameworksBuildPhase;
			buildActionMask = 2147483647;
			files = (
			);
			runOnlyForDeploymentPostprocessing = 0;
		};
		1144639C250FA90900D37FB1 /* Frameworks */ = {
			isa = PBXFrameworksBuildPhase;
			buildActionMask = 2147483647;
			files = (
			);
			runOnlyForDeploymentPostprocessing = 0;
		};
/* End PBXFrameworksBuildPhase section */

/* Begin PBXGroup section */
		11446375250FA90500D37FB1 = {
			isa = PBXGroup;
			children = (
				11446380250FA90500D37FB1 /* ItsuDareGame */,
				11446397250FA90900D37FB1 /* ItsuDareGameTests */,
				114463A2250FA90900D37FB1 /* ItsuDareGameUITests */,
				1144637F250FA90500D37FB1 /* Products */,
			);
			sourceTree = "<group>";
		};
		1144637F250FA90500D37FB1 /* Products */ = {
			isa = PBXGroup;
			children = (
				1144637E250FA90500D37FB1 /* ItsuDareGame.app */,
				11446394250FA90900D37FB1 /* ItsuDareGameTests.xctest */,
				1144639F250FA90900D37FB1 /* ItsuDareGameUITests.xctest */,
			);
			name = Products;
			sourceTree = "<group>";
		};
		11446380250FA90500D37FB1 /* ItsuDareGame */ = {
			isa = PBXGroup;
			children = (
				11446381250FA90500D37FB1 /* AppDelegate.swift */,
				11446383250FA90500D37FB1 /* SceneDelegate.swift */,
				11446385250FA90500D37FB1 /* ViewController.swift */,
				11446387250FA90500D37FB1 /* Main.storyboard */,
				1144638A250FA90900D37FB1 /* Assets.xcassets */,
				1144638C250FA90900D37FB1 /* LaunchScreen.storyboard */,
				1144638F250FA90900D37FB1 /* Info.plist */,
			);
			path = ItsuDareGame;
			sourceTree = "<group>";
		};
		11446397250FA90900D37FB1 /* ItsuDareGameTests */ = {
			isa = PBXGroup;
			children = (
				11446398250FA90900D37FB1 /* ItsuDareGameTests.swift */,
				1144639A250FA90900D37FB1 /* Info.plist */,
			);
			path = ItsuDareGameTests;
			sourceTree = "<group>";
		};
		114463A2250FA90900D37FB1 /* ItsuDareGameUITests */ = {
			isa = PBXGroup;
			children = (
				114463A3250FA90900D37FB1 /* ItsuDareGameUITests.swift */,
				114463A5250FA90900D37FB1 /* Info.plist */,
			);
			path = ItsuDareGameUITests;
			sourceTree = "<group>";
		};
/* End PBXGroup section */

/* Begin PBXNativeTarget section */
		1144637D250FA90500D37FB1 /* ItsuDareGame */ = {
			isa = PBXNativeTarget;
			buildConfigurationList = 114463A8250FA90900D37FB1 /* Build configuration list for PBXNativeTarget "ItsuDareGame" */;
			buildPhases = (
				1144637A250FA90500D37FB1 /* Sources */,
				1144637B250FA90500D37FB1 /* Frameworks */,
				1144637C250FA90500D37FB1 /* Resources */,
			);
			buildRules = (
			);
			dependencies = (
			);
			name = ItsuDareGame;
			productName = ItsuDareGame;
			productReference = 1144637E250FA90500D37FB1 /* ItsuDareGame.app */;
			productType = "com.apple.product-type.application";
		};
		11446393250FA90900D37FB1 /* ItsuDareGameTests */ = {
			isa = PBXNativeTarget;
			buildConfigurationList = 114463AB250FA90900D37FB1 /* Build configuration list for PBXNativeTarget "ItsuDareGameTests" */;
			buildPhases = (
				11446390250FA90900D37FB1 /* Sources */,
				11446391250FA90900D37FB1 /* Frameworks */,
				11446392250FA90900D37FB1 /* Resources */,
			);
			buildRules = (
			);
			dependencies = (
				11446396250FA90900D37FB1 /* PBXTargetDependency */,
			);
			name = ItsuDareGameTests;
			productName = ItsuDareGameTests;
			productReference = 11446394250FA90900D37FB1 /* ItsuDareGameTests.xctest */;
			productType = "com.apple.product-type.bundle.unit-test";
		};
		1144639E250FA90900D37FB1 /* ItsuDareGameUITests */ = {
			isa = PBXNativeTarget;
			buildConfigurationList = 114463AE250FA90900D37FB1 /* Build configuration list for PBXNativeTarget "ItsuDareGameUITests" */;
			buildPhases = (
				1144639B250FA90900D37FB1 /* Sources */,
				1144639C250FA90900D37FB1 /* Frameworks */,
				1144639D250FA90900D37FB1 /* Resources */,
			);
			buildRules = (
			);
			dependencies = (
				114463A1250FA90900D37FB1 /* PBXTargetDependency */,
			);
			name = ItsuDareGameUITests;
			productName = ItsuDareGameUITests;
			productReference = 1144639F250FA90900D37FB1 /* ItsuDareGameUITests.xctest */;
			productType = "com.apple.product-type.bundle.ui-testing";
		};
/* End PBXNativeTarget section */

/* Begin PBXProject section */
		11446376250FA90500D37FB1 /* Project object */ = {
			isa = PBXProject;
			attributes = {
				LastSwiftUpdateCheck = 1170;
				LastUpgradeCheck = 1170;
				ORGANIZATIONNAME = "Watanabe nami";
				TargetAttributes = {
					1144637D250FA90500D37FB1 = {
						CreatedOnToolsVersion = 11.7;
					};
					11446393250FA90900D37FB1 = {
						CreatedOnToolsVersion = 11.7;
						TestTargetID = 1144637D250FA90500D37FB1;
					};
					1144639E250FA90900D37FB1 = {
						CreatedOnToolsVersion = 11.7;
						TestTargetID = 1144637D250FA90500D37FB1;
					};
				};
			};
			buildConfigurationList = 11446379250FA90500D37FB1 /* Build configuration list for PBXProject "ItsuDareGame" */;
			compatibilityVersion = "Xcode 9.3";
			developmentRegion = en;
			hasScannedForEncodings = 0;
			knownRegions = (
				en,
				Base,
			);
			mainGroup = 11446375250FA90500D37FB1;
			productRefGroup = 1144637F250FA90500D37FB1 /* Products */;
			projectDirPath = "";
			projectRoot = "";
			targets = (
				1144637D250FA90500D37FB1 /* ItsuDareGame */,
				11446393250FA90900D37FB1 /* ItsuDareGameTests */,
				1144639E250FA90900D37FB1 /* ItsuDareGameUITests */,
			);
		};
/* End PBXProject section */

/* Begin PBXResourcesBuildPhase section */
		1144637C250FA90500D37FB1 /* Resources */ = {
			isa = PBXResourcesBuildPhase;
			buildActionMask = 2147483647;
			files = (
				1144638E250FA90900D37FB1 /* LaunchScreen.storyboard in Resources */,
				1144638B250FA90900D37FB1 /* Assets.xcassets in Resources */,
				11446389250FA90500D37FB1 /* Main.storyboard in Resources */,
			);
			runOnlyForDeploymentPostprocessing = 0;
		};
		11446392250FA90900D37FB1 /* Resources */ = {
			isa = PBXResourcesBuildPhase;
			buildActionMask = 2147483647;
			files = (
			);
			runOnlyForDeploymentPostprocessing = 0;
		};
		1144639D250FA90900D37FB1 /* Resources */ = {
			isa = PBXResourcesBuildPhase;
			buildActionMask = 2147483647;
			files = (
			);
			runOnlyForDeploymentPostprocessing = 0;
		};
/* End PBXResourcesBuildPhase section */

/* Begin PBXSourcesBuildPhase section */
		1144637A250FA90500D37FB1 /* Sources */ = {
			isa = PBXSourcesBuildPhase;
			buildActionMask = 2147483647;
			files = (
				11446386250FA90500D37FB1 /* ViewController.swift in Sources */,
				11446382250FA90500D37FB1 /* AppDelegate.swift in Sources */,
				11446384250FA90500D37FB1 /* SceneDelegate.swift in Sources */,
			);
			runOnlyForDeploymentPostprocessing = 0;
		};
		11446390250FA90900D37FB1 /* Sources */ = {
			isa = PBXSourcesBuildPhase;
			buildActionMask = 2147483647;
			files = (
				11446399250FA90900D37FB1 /* ItsuDareGameTests.swift in Sources */,
			);
			runOnlyForDeploymentPostprocessing = 0;
		};
		1144639B250FA90900D37FB1 /* Sources */ = {
			isa = PBXSourcesBuildPhase;
			buildActionMask = 2147483647;
			files = (
				114463A4250FA90900D37FB1 /* ItsuDareGameUITests.swift in Sources */,
			);
			runOnlyForDeploymentPostprocessing = 0;
		};
/* End PBXSourcesBuildPhase section */

/* Begin PBXTargetDependency section */
		11446396250FA90900D37FB1 /* PBXTargetDependency */ = {
			isa = PBXTargetDependency;
			target = 1144637D250FA90500D37FB1 /* ItsuDareGame */;
			targetProxy = 11446395250FA90900D37FB1 /* PBXContainerItemProxy */;
		};
		114463A1250FA90900D37FB1 /* PBXTargetDependency */ = {
			isa = PBXTargetDependency;
			target = 1144637D250FA90500D37FB1 /* ItsuDareGame */;
			targetProxy = 114463A0250FA90900D37FB1 /* PBXContainerItemProxy */;
		};
/* End PBXTargetDependency section */

/* Begin PBXVariantGroup section */
		11446387250FA90500D37FB1 /* Main.storyboard */ = {
			isa = PBXVariantGroup;
			children = (
				11446388250FA90500D37FB1 /* Base */,
			);
			name = Main.storyboard;
			sourceTree = "<group>";
		};
		1144638C250FA90900D37FB1 /* LaunchScreen.storyboard */ = {
			isa = PBXVariantGroup;
			children = (
				1144638D250FA90900D37FB1 /* Base */,
			);
			name = LaunchScreen.storyboard;
			sourceTree = "<group>";
		};
/* End PBXVariantGroup section */

/* Begin XCBuildConfiguration section */
		114463A6250FA90900D37FB1 /* Debug */ = {
			isa = XCBuildConfiguration;
			buildSettings = {
				ALWAYS_SEARCH_USER_PATHS = NO;
				CLANG_ANALYZER_NONNULL = YES;
				CLANG_ANALYZER_NUMBER_OBJECT_CONVERSION = YES_AGGRESSIVE;
				CLANG_CXX_LANGUAGE_STANDARD = "gnu++14";
				CLANG_CXX_LIBRARY = "libc++";
				CLANG_ENABLE_MODULES = YES;
				CLANG_ENABLE_OBJC_ARC = YES;
				CLANG_ENABLE_OBJC_WEAK = YES;
				CLANG_WARN_BLOCK_CAPTURE_AUTORELEASING = YES;
				CLANG_WARN_BOOL_CONVERSION = YES;
				CLANG_WARN_COMMA = YES;
				CLANG_WARN_CONSTANT_CONVERSION = YES;
				CLANG_WARN_DEPRECATED_OBJC_IMPLEMENTATIONS = YES;
				CLANG_WARN_DIRECT_OBJC_ISA_USAGE = YES_ERROR;
				CLANG_WARN_DOCUMENTATION_COMMENTS = YES;
				CLANG_WARN_EMPTY_BODY = YES;
				CLANG_WARN_ENUM_CONVERSION = YES;
				CLANG_WARN_INFINITE_RECURSION = YES;
				CLANG_WARN_INT_CONVERSION = YES;
				CLANG_WARN_NON_LITERAL_NULL_CONVERSION = YES;
				CLANG_WARN_OBJC_IMPLICIT_RETAIN_SELF = YES;
				CLANG_WARN_OBJC_LITERAL_CONVERSION = YES;
				CLANG_WARN_OBJC_ROOT_CLASS = YES_ERROR;
				CLANG_WARN_RANGE_LOOP_ANALYSIS = YES;
				CLANG_WARN_STRICT_PROTOTYPES = YES;
				CLANG_WARN_SUSPICIOUS_MOVE = YES;
				CLANG_WARN_UNGUARDED_AVAILABILITY = YES_AGGRESSIVE;
				CLANG_WARN_UNREACHABLE_CODE = YES;
				CLANG_WARN__DUPLICATE_METHOD_MATCH = YES;
				COPY_PHASE_STRIP = NO;
				DEBUG_INFORMATION_FORMAT = dwarf;
				ENABLE_STRICT_OBJC_MSGSEND = YES;
				ENABLE_TESTABILITY = YES;
				GCC_C_LANGUAGE_STANDARD = gnu11;
				GCC_DYNAMIC_NO_PIC = NO;
				GCC_NO_COMMON_BLOCKS = YES;
				GCC_OPTIMIZATION_LEVEL = 0;
				GCC_PREPROCESSOR_DEFINITIONS = (
					"DEBUG=1",
					"$(inherited)",
				);
				GCC_WARN_64_TO_32_BIT_CONVERSION = YES;
				GCC_WARN_ABOUT_RETURN_TYPE = YES_ERROR;
				GCC_WARN_UNDECLARED_SELECTOR = YES;
				GCC_WARN_UNINITIALIZED_AUTOS = YES_AGGRESSIVE;
				GCC_WARN_UNUSED_FUNCTION = YES;
				GCC_WARN_UNUSED_VARIABLE = YES;
				IPHONEOS_DEPLOYMENT_TARGET = 13.7;
				MTL_ENABLE_DEBUG_INFO = INCLUDE_SOURCE;
				MTL_FAST_MATH = YES;
				ONLY_ACTIVE_ARCH = YES;
				SDKROOT = iphoneos;
				SWIFT_ACTIVE_COMPILATION_CONDITIONS = DEBUG;
				SWIFT_OPTIMIZATION_LEVEL = "-Onone";
			};
			name = Debug;
		};
		114463A7250FA90900D37FB1 /* Release */ = {
			isa = XCBuildConfiguration;
			buildSettings = {
				ALWAYS_SEARCH_USER_PATHS = NO;
				CLANG_ANALYZER_NONNULL = YES;
				CLANG_ANALYZER_NUMBER_OBJECT_CONVERSION = YES_AGGRESSIVE;
				CLANG_CXX_LANGUAGE_STANDARD = "gnu++14";
				CLANG_CXX_LIBRARY = "libc++";
				CLANG_ENABLE_MODULES = YES;
				CLANG_ENABLE_OBJC_ARC = YES;
				CLANG_ENABLE_OBJC_WEAK = YES;
				CLANG_WARN_BLOCK_CAPTURE_AUTORELEASING = YES;
				CLANG_WARN_BOOL_CONVERSION = YES;
				CLANG_WARN_COMMA = YES;
				CLANG_WARN_CONSTANT_CONVERSION = YES;
				CLANG_WARN_DEPRECATED_OBJC_IMPLEMENTATIONS = YES;
				CLANG_WARN_DIRECT_OBJC_ISA_USAGE = YES_ERROR;
				CLANG_WARN_DOCUMENTATION_COMMENTS = YES;
				CLANG_WARN_EMPTY_BODY = YES;
				CLANG_WARN_ENUM_CONVERSION = YES;
				CLANG_WARN_INFINITE_RECURSION = YES;
				CLANG_WARN_INT_CONVERSION = YES;
				CLANG_WARN_NON_LITERAL_NULL_CONVERSION = YES;
				CLANG_WARN_OBJC_IMPLICIT_RETAIN_SELF = YES;
				CLANG_WARN_OBJC_LITERAL_CONVERSION = YES;
				CLANG_WARN_OBJC_ROOT_CLASS = YES_ERROR;
				CLANG_WARN_RANGE_LOOP_ANALYSIS = YES;
				CLANG_WARN_STRICT_PROTOTYPES = YES;
				CLANG_WARN_SUSPICIOUS_MOVE = YES;
				CLANG_WARN_UNGUARDED_AVAILABILITY = YES_AGGRESSIVE;
				CLANG_WARN_UNREACHABLE_CODE = YES;
				CLANG_WARN__DUPLICATE_METHOD_MATCH = YES;
				COPY_PHASE_STRIP = NO;
				DEBUG_INFORMATION_FORMAT = "dwarf-with-dsym";
				ENABLE_NS_ASSERTIONS = NO;
				ENABLE_STRICT_OBJC_MSGSEND = YES;
				GCC_C_LANGUAGE_STANDARD = gnu11;
				GCC_NO_COMMON_BLOCKS = YES;
				GCC_WARN_64_TO_32_BIT_CONVERSION = YES;
				GCC_WARN_ABOUT_RETURN_TYPE = YES_ERROR;
				GCC_WARN_UNDECLARED_SELECTOR = YES;
				GCC_WARN_UNINITIALIZED_AUTOS = YES_AGGRESSIVE;
				GCC_WARN_UNUSED_FUNCTION = YES;
				GCC_WARN_UNUSED_VARIABLE = YES;
				IPHONEOS_DEPLOYMENT_TARGET = 13.7;
				MTL_ENABLE_DEBUG_INFO = NO;
				MTL_FAST_MATH = YES;
				SDKROOT = iphoneos;
				SWIFT_COMPILATION_MODE = wholemodule;
				SWIFT_OPTIMIZATION_LEVEL = "-O";
				VALIDATE_PRODUCT = YES;
			};
			name = Release;
		};
		114463A9250FA90900D37FB1 /* Debug */ = {
			isa = XCBuildConfiguration;
			buildSettings = {
				ASSETCATALOG_COMPILER_APPICON_NAME = AppIcon;
				CODE_SIGN_STYLE = Automatic;
				DEVELOPMENT_TEAM = 7879393RUF;
				INFOPLIST_FILE = ItsuDareGame/Info.plist;
				LD_RUNPATH_SEARCH_PATHS = (
					"$(inherited)",
					"@executable_path/Frameworks",
				);
				PRODUCT_BUNDLE_IDENTIFIER = app.watanabe.nami.ItsuDareGame;
				PRODUCT_NAME = "$(TARGET_NAME)";
				SWIFT_VERSION = 5.0;
				TARGETED_DEVICE_FAMILY = "1,2";
			};
			name = Debug;
		};
		114463AA250FA90900D37FB1 /* Release */ = {
			isa = XCBuildConfiguration;
			buildSettings = {
				ASSETCATALOG_COMPILER_APPICON_NAME = AppIcon;
				CODE_SIGN_STYLE = Automatic;
				DEVELOPMENT_TEAM = 7879393RUF;
				INFOPLIST_FILE = ItsuDareGame/Info.plist;
				LD_RUNPATH_SEARCH_PATHS = (
					"$(inherited)",
					"@executable_path/Frameworks",
				);
				PRODUCT_BUNDLE_IDENTIFIER = app.watanabe.nami.ItsuDareGame;
				PRODUCT_NAME = "$(TARGET_NAME)";
				SWIFT_VERSION = 5.0;
				TARGETED_DEVICE_FAMILY = "1,2";
			};
			name = Release;
		};
		114463AC250FA90900D37FB1 /* Debug */ = {
			isa = XCBuildConfiguration;
			buildSettings = {
				ALWAYS_EMBED_SWIFT_STANDARD_LIBRARIES = YES;
				BUNDLE_LOADER = "$(TEST_HOST)";
				CODE_SIGN_STYLE = Automatic;
				DEVELOPMENT_TEAM = 7879393RUF;
				INFOPLIST_FILE = ItsuDareGameTests/Info.plist;
				IPHONEOS_DEPLOYMENT_TARGET = 13.7;
				LD_RUNPATH_SEARCH_PATHS = (
					"$(inherited)",
					"@executable_path/Frameworks",
					"@loader_path/Frameworks",
				);
				PRODUCT_BUNDLE_IDENTIFIER = app.watanabe.nami.ItsuDareGameTests;
				PRODUCT_NAME = "$(TARGET_NAME)";
				SWIFT_VERSION = 5.0;
				TARGETED_DEVICE_FAMILY = "1,2";
				TEST_HOST = "$(BUILT_PRODUCTS_DIR)/ItsuDareGame.app/ItsuDareGame";
			};
			name = Debug;
		};
		114463AD250FA90900D37FB1 /* Release */ = {
			isa = XCBuildConfiguration;
			buildSettings = {
				ALWAYS_EMBED_SWIFT_STANDARD_LIBRARIES = YES;
				BUNDLE_LOADER = "$(TEST_HOST)";
				CODE_SIGN_STYLE = Automatic;
				DEVELOPMENT_TEAM = 7879393RUF;
				INFOPLIST_FILE = ItsuDareGameTests/Info.plist;
				IPHONEOS_DEPLOYMENT_TARGET = 13.7;
				LD_RUNPATH_SEARCH_PATHS = (
					"$(inherited)",
					"@executable_path/Frameworks",
					"@loader_path/Frameworks",
				);
				PRODUCT_BUNDLE_IDENTIFIER = app.watanabe.nami.ItsuDareGameTests;
				PRODUCT_NAME = "$(TARGET_NAME)";
				SWIFT_VERSION = 5.0;
				TARGETED_DEVICE_FAMILY = "1,2";
				TEST_HOST = "$(BUILT_PRODUCTS_DIR)/ItsuDareGame.app/ItsuDareGame";
			};
			name = Release;
		};
		114463AF250FA90900D37FB1 /* Debug */ = {
			isa = XCBuildConfiguration;
			buildSettings = {
				ALWAYS_EMBED_SWIFT_STANDARD_LIBRARIES = YES;
				CODE_SIGN_STYLE = Automatic;
				DEVELOPMENT_TEAM = 7879393RUF;
				INFOPLIST_FILE = ItsuDareGameUITests/Info.plist;
				LD_RUNPATH_SEARCH_PATHS = (
					"$(inherited)",
					"@executable_path/Frameworks",
					"@loader_path/Frameworks",
				);
				PRODUCT_BUNDLE_IDENTIFIER = app.watanabe.nami.ItsuDareGameUITests;
				PRODUCT_NAME = "$(TARGET_NAME)";
				SWIFT_VERSION = 5.0;
				TARGETED_DEVICE_FAMILY = "1,2";
				TEST_TARGET_NAME = ItsuDareGame;
			};
			name = Debug;
		};
		114463B0250FA90900D37FB1 /* Release */ = {
			isa = XCBuildConfiguration;
			buildSettings = {
				ALWAYS_EMBED_SWIFT_STANDARD_LIBRARIES = YES;
				CODE_SIGN_STYLE = Automatic;
				DEVELOPMENT_TEAM = 7879393RUF;
				INFOPLIST_FILE = ItsuDareGameUITests/Info.plist;
				LD_RUNPATH_SEARCH_PATHS = (
					"$(inherited)",
					"@executable_path/Frameworks",
					"@loader_path/Frameworks",
				);
				PRODUCT_BUNDLE_IDENTIFIER = app.watanabe.nami.ItsuDareGameUITests;
				PRODUCT_NAME = "$(TARGET_NAME)";
				SWIFT_VERSION = 5.0;
				TARGETED_DEVICE_FAMILY = "1,2";
				TEST_TARGET_NAME = ItsuDareGame;
			};
			name = Release;
		};
/* End XCBuildConfiguration section */

/* Begin XCConfigurationList section */
		11446379250FA90500D37FB1 /* Build configuration list for PBXProject "ItsuDareGame" */ = {
			isa = XCConfigurationList;
			buildConfigurations = (
				114463A6250FA90900D37FB1 /* Debug */,
				114463A7250FA90900D37FB1 /* Release */,
			);
			defaultConfigurationIsVisible = 0;
			defaultConfigurationName = Release;
		};
		114463A8250FA90900D37FB1 /* Build configuration list for PBXNativeTarget "ItsuDareGame" */ = {
			isa = XCConfigurationList;
			buildConfigurations = (
				114463A9250FA90900D37FB1 /* Debug */,
				114463AA250FA90900D37FB1 /* Release */,
			);
			defaultConfigurationIsVisible = 0;
			defaultConfigurationName = Release;
		};
		114463AB250FA90900D37FB1 /* Build configuration list for PBXNativeTarget "ItsuDareGameTests" */ = {
			isa = XCConfigurationList;
			buildConfigurations = (
				114463AC250FA90900D37FB1 /* Debug */,
				114463AD250FA90900D37FB1 /* Release */,
			);
			defaultConfigurationIsVisible = 0;
			defaultConfigurationName = Release;
		};
		114463AE250FA90900D37FB1 /* Build configuration list for PBXNativeTarget "ItsuDareGameUITests" */ = {
			isa = XCConfigurationList;
			buildConfigurations = (
				114463AF250FA90900D37FB1 /* Debug */,
				114463B0250FA90900D37FB1 /* Release */,
			);
			defaultConfigurationIsVisible = 0;
			defaultConfigurationName = Release;
		};
/* End XCConfigurationList section */
	};
	rootObject = 11446376250FA90500D37FB1 /* Project object */;
}
